PODS:
  - GoogleMaps (1.11.1)
  - Starscream (1.0.2)
  - thepathfinder (0.0.2):
    - Starscream

DEPENDENCIES:
  - GoogleMaps
  - thepathfinder (from `../../`)

EXTERNAL SOURCES:
  thepathfinder:
    :path: ../../

SPEC CHECKSUMS:
  GoogleMaps: c947160008f414c66707a5ea60f35e92055c7670
  Starscream: 40e2c4c1c770d811f24116b8b7dbeb4542c56767
  thepathfinder: 55b92c7fa59e9aebe9360220c5258ffb45fb681d

COCOAPODS: 0.39.0
